
Microsoft Visual Studio Solution File, Format Version 12.00
# Visual Studio Version 17
VisualStudioVersion = 17.9.34607.119
MinimumVisualStudioVersion = 10.0.40219.1
Project("{FAE04EC0-301F-11D3-BF4B-00C04F79EFBC}") = "HealthRecord.Domain", "HealthRecord.Domain\HealthRecord.Domain.csproj", "{5D25F98E-E66D-4CD3-8B71-516F897416CA}"
EndProject
Project("{FAE04EC0-301F-11D3-BF4B-00C04F79EFBC}") = "HealthRecord.Infrastructure", "HealthRecord.Infrastructure\HealthRecord.Infrastructure.csproj", "{6AF035DF-6938-4A18-A059-862E6C6A2BD2}"
EndProject
Project("{FAE04EC0-301F-11D3-BF4B-00C04F79EFBC}") = "HealthRecord.Presentation", "HealthRecord.Presentation\HealthRecord.Presentation.csproj", "{4A34F7E8-AEAF-4CD1-9C3D-D40F7A2E137C}"
EndProject
Global
	GlobalSection(SolutionConfigurationPlatforms) = preSolution
		Debug|Any CPU = Debug|Any CPU
		Release|Any CPU = Release|Any CPU
	EndGlobalSection
	GlobalSection(ProjectConfigurationPlatforms) = postSolution
		{5D25F98E-E66D-4CD3-8B71-516F897416CA}.Debug|Any CPU.ActiveCfg = Debug|Any CPU
		{5D25F98E-E66D-4CD3-8B71-516F897416CA}.Debug|Any CPU.Build.0 = Debug|Any CPU
		{5D25F98E-E66D-4CD3-8B71-516F897416CA}.Release|Any CPU.ActiveCfg = Release|Any CPU
		{5D25F98E-E66D-4CD3-8B71-516F897416CA}.Release|Any CPU.Build.0 = Release|Any CPU
		{6AF035DF-6938-4A18-A059-862E6C6A2BD2}.Debug|Any CPU.ActiveCfg = Debug|Any CPU
		{6AF035DF-6938-4A18-A059-862E6C6A2BD2}.Debug|Any CPU.Build.0 = Debug|Any CPU
		{6AF035DF-6938-4A18-A059-862E6C6A2BD2}.Release|Any CPU.ActiveCfg = Release|Any CPU
		{6AF035DF-6938-4A18-A059-862E6C6A2BD2}.Release|Any CPU.Build.0 = Release|Any CPU
		{4A34F7E8-AEAF-4CD1-9C3D-D40F7A2E137C}.Debug|Any CPU.ActiveCfg = Debug|Any CPU
		{4A34F7E8-AEAF-4CD1-9C3D-D40F7A2E137C}.Debug|Any CPU.Build.0 = Debug|Any CPU
		{4A34F7E8-AEAF-4CD1-9C3D-D40F7A2E137C}.Release|Any CPU.ActiveCfg = Release|Any CPU
		{4A34F7E8-AEAF-4CD1-9C3D-D40F7A2E137C}.Release|Any CPU.Build.0 = Release|Any CPU
	EndGlobalSection
	GlobalSection(SolutionProperties) = preSolution
		HideSolutionNode = FALSE
	EndGlobalSection
	GlobalSection(ExtensibilityGlobals) = postSolution
		SolutionGuid = {5526D6FA-2C7D-4B70-80F6-C82CBFA56CA4}
	EndGlobalSection
EndGlobal
